
Microsoft Visual Studio Solution File, Format Version 12.00
# Visual Studio Version 16
VisualStudioVersion = 16.0.30104.148
MinimumVisualStudioVersion = 10.0.40219.1
Project("{9A19103F-16F7-4668-BE54-9A1E7A4F7556}") = "ShareOwner.API", "ShareOwner.API.csproj", "{254C189E-CC12-43F4-9F7E-3ACA1A2508DF}"
EndProject
Global
	GlobalSection(SolutionConfigurationPlatforms) = preSolution
		Debug|Any CPU = Debug|Any CPU
		Release|Any CPU = Release|Any CPU
	EndGlobalSection
	GlobalSection(ProjectConfigurationPlatforms) = postSolution
		{254C189E-CC12-43F4-9F7E-3ACA1A2508DF}.Debug|Any CPU.ActiveCfg = Debug|Any CPU
		{254C189E-CC12-43F4-9F7E-3ACA1A2508DF}.Debug|Any CPU.Build.0 = Debug|Any CPU
		{254C189E-CC12-43F4-9F7E-3ACA1A2508DF}.Release|Any CPU.ActiveCfg = Release|Any CPU
		{254C189E-CC12-43F4-9F7E-3ACA1A2508DF}.Release|Any CPU.Build.0 = Release|Any CPU
	EndGlobalSection
	GlobalSection(SolutionProperties) = preSolution
		HideSolutionNode = FALSE
	EndGlobalSection
	GlobalSection(ExtensibilityGlobals) = postSolution
		SolutionGuid = {ECDEC00F-E394-4575-BD36-75E6413CCABB}
	EndGlobalSection
EndGlobal
